
Microsoft Visual Studio Solution File, Format Version 12.00
# Visual Studio Version 17
VisualStudioVersion = 17.9.34728.123
MinimumVisualStudioVersion = 10.0.40219.1
Project("{9A19103F-16F7-4668-BE54-9A1E7A4F7556}") = "PRN221Project", "PRN221Project\PRN221Project.csproj", "{260B14AD-6BFF-459A-8061-D6FA434A1064}"
EndProject
Project("{9A19103F-16F7-4668-BE54-9A1E7A4F7556}") = "BusinessObject", "BusinessObject\BusinessObject.csproj", "{A43CF396-19E0-41EA-A751-9F1FCCFAE856}"
EndProject
Global
	GlobalSection(SolutionConfigurationPlatforms) = preSolution
		Debug|Any CPU = Debug|Any CPU
		Release|Any CPU = Release|Any CPU
	EndGlobalSection
	GlobalSection(ProjectConfigurationPlatforms) = postSolution
		{260B14AD-6BFF-459A-8061-D6FA434A1064}.Debug|Any CPU.ActiveCfg = Debug|Any CPU
		{260B14AD-6BFF-459A-8061-D6FA434A1064}.Debug|Any CPU.Build.0 = Debug|Any CPU
		{260B14AD-6BFF-459A-8061-D6FA434A1064}.Release|Any CPU.ActiveCfg = Release|Any CPU
		{260B14AD-6BFF-459A-8061-D6FA434A1064}.Release|Any CPU.Build.0 = Release|Any CPU
		{A43CF396-19E0-41EA-A751-9F1FCCFAE856}.Debug|Any CPU.ActiveCfg = Debug|Any CPU
		{A43CF396-19E0-41EA-A751-9F1FCCFAE856}.Debug|Any CPU.Build.0 = Debug|Any CPU
		{A43CF396-19E0-41EA-A751-9F1FCCFAE856}.Release|Any CPU.ActiveCfg = Release|Any CPU
		{A43CF396-19E0-41EA-A751-9F1FCCFAE856}.Release|Any CPU.Build.0 = Release|Any CPU
	EndGlobalSection
	GlobalSection(SolutionProperties) = preSolution
		HideSolutionNode = FALSE
	EndGlobalSection
	GlobalSection(ExtensibilityGlobals) = postSolution
		SolutionGuid = {9DAE9FDF-0170-4976-A85B-83059711B795}
	EndGlobalSection
EndGlobal
